
Microsoft Visual Studio Solution File, Format Version 12.00
# Visual Studio Version 16
VisualStudioVersion = 16.0.29001.49
MinimumVisualStudioVersion = 10.0.40219.1
Project("{FAE04EC0-301F-11D3-BF4B-00C04F79EFBC}") = "ExamsSystemV1", "ExamsSystemV1\ExamsSystemV1.csproj", "{2F17AF2E-5A15-4B7D-A57F-E49F7900F83A}"
EndProject
Global
	GlobalSection(SolutionConfigurationPlatforms) = preSolution
		Debug|Any CPU = Debug|Any CPU
		Release|Any CPU = Release|Any CPU
	EndGlobalSection
	GlobalSection(ProjectConfigurationPlatforms) = postSolution
		{2F17AF2E-5A15-4B7D-A57F-E49F7900F83A}.Debug|Any CPU.ActiveCfg = Debug|Any CPU
		{2F17AF2E-5A15-4B7D-A57F-E49F7900F83A}.Debug|Any CPU.Build.0 = Debug|Any CPU
		{2F17AF2E-5A15-4B7D-A57F-E49F7900F83A}.Release|Any CPU.ActiveCfg = Release|Any CPU
		{2F17AF2E-5A15-4B7D-A57F-E49F7900F83A}.Release|Any CPU.Build.0 = Release|Any CPU
	EndGlobalSection
	GlobalSection(SolutionProperties) = preSolution
		HideSolutionNode = FALSE
	EndGlobalSection
	GlobalSection(ExtensibilityGlobals) = postSolution
		SolutionGuid = {BF1846E8-F1D2-4FE7-A8D4-56C334F1C9AF}
	EndGlobalSection
EndGlobal
